
Microsoft Visual Studio Solution File, Format Version 12.00
# Visual Studio Version 17
VisualStudioVersion = 17.11.35208.52
MinimumVisualStudioVersion = 10.0.40219.1
Project("{FAE04EC0-301F-11D3-BF4B-00C04F79EFBC}") = "BaiTap", "BaiTap\BaiTap.csproj", "{F5EC4E85-A6F3-4D39-9823-16A9134C2969}"
EndProject
Global
	GlobalSection(SolutionConfigurationPlatforms) = preSolution
		Debug|Any CPU = Debug|Any CPU
		Release|Any CPU = Release|Any CPU
	EndGlobalSection
	GlobalSection(ProjectConfigurationPlatforms) = postSolution
		{F5EC4E85-A6F3-4D39-9823-16A9134C2969}.Debug|Any CPU.ActiveCfg = Debug|Any CPU
		{F5EC4E85-A6F3-4D39-9823-16A9134C2969}.Debug|Any CPU.Build.0 = Debug|Any CPU
		{F5EC4E85-A6F3-4D39-9823-16A9134C2969}.Release|Any CPU.ActiveCfg = Release|Any CPU
		{F5EC4E85-A6F3-4D39-9823-16A9134C2969}.Release|Any CPU.Build.0 = Release|Any CPU
	EndGlobalSection
	GlobalSection(SolutionProperties) = preSolution
		HideSolutionNode = FALSE
	EndGlobalSection
	GlobalSection(ExtensibilityGlobals) = postSolution
		SolutionGuid = {4FADE2FE-CF16-4F99-B9EF-45784ED9FEC7}
	EndGlobalSection
EndGlobal
